
Microsoft Visual Studio Solution File, Format Version 12.00
# Visual Studio Version 17
VisualStudioVersion = 17.0.31903.59
MinimumVisualStudioVersion = 10.0.40219.1
Project("{FAE04EC0-301F-11D3-BF4B-00C04F79EFBC}") = "ManipulaVar", "ManipulaVar\ManipulaVar.csproj", "{C80009B8-8A6A-4171-946B-038948D4AE95}"
EndProject
Project("{FAE04EC0-301F-11D3-BF4B-00C04F79EFBC}") = "PerguntaValores", "PerguntaValores\PerguntaValores.csproj", "{1A6E8CEC-7FBD-46D6-A53D-42DBAAB8082A}"
EndProject
Project("{FAE04EC0-301F-11D3-BF4B-00C04F79EFBC}") = "Specials", "Specials\Specials.csproj", "{F703EEB5-A59C-477B-87E6-2A16C384D018}"
EndProject
Project("{FAE04EC0-301F-11D3-BF4B-00C04F79EFBC}") = "GranpaPatternSwitch", "GranpaPatternSwitch\GranpaPatternSwitch.csproj", "{CAE602D8-3BE1-400E-AAD5-3979D0F276EB}"
EndProject
Project("{FAE04EC0-301F-11D3-BF4B-00C04F79EFBC}") = "IfExample", "IfExample\IfExample.csproj", "{79D729B1-34BC-4BC4-935D-C08B4B1A0BA7}"
EndProject
Project("{FAE04EC0-301F-11D3-BF4B-00C04F79EFBC}") = "ChatGPTGrandfather", "ChatGPTGrandfather\ChatGPTGrandfather.csproj", "{EE96CDB7-F093-4DE9-BAEE-E69916645B24}"
EndProject
Project("{FAE04EC0-301F-11D3-BF4B-00C04F79EFBC}") = "BreakContinue", "BreakContinue\BreakContinue.csproj", "{91C8EF85-B08C-407B-8369-35220D857FD9}"
EndProject
Project("{FAE04EC0-301F-11D3-BF4B-00C04F79EFBC}") = "ChatGPTMother", "ChatGPTMother\ChatGPTMother.csproj", "{6D7EC25A-125F-49E9-A96B-2DF0707CF24C}"
EndProject
Project("{FAE04EC0-301F-11D3-BF4B-00C04F79EFBC}") = "Triangle", "Triangle\Triangle.csproj", "{861B98F0-6D36-487C-A6FE-72ACDCA5F48F}"
EndProject
Project("{FAE04EC0-301F-11D3-BF4B-00C04F79EFBC}") = "CrossSquare", "CrossSquare\CrossSquare.csproj", "{40B9072D-D0E0-45DE-883E-E833F4C036D4}"
EndProject
Global
	GlobalSection(SolutionConfigurationPlatforms) = preSolution
		Debug|Any CPU = Debug|Any CPU
		Release|Any CPU = Release|Any CPU
	EndGlobalSection
	GlobalSection(SolutionProperties) = preSolution
		HideSolutionNode = FALSE
	EndGlobalSection
	GlobalSection(ProjectConfigurationPlatforms) = postSolution
		{C80009B8-8A6A-4171-946B-038948D4AE95}.Debug|Any CPU.ActiveCfg = Debug|Any CPU
		{C80009B8-8A6A-4171-946B-038948D4AE95}.Debug|Any CPU.Build.0 = Debug|Any CPU
		{C80009B8-8A6A-4171-946B-038948D4AE95}.Release|Any CPU.ActiveCfg = Release|Any CPU
		{C80009B8-8A6A-4171-946B-038948D4AE95}.Release|Any CPU.Build.0 = Release|Any CPU
		{1A6E8CEC-7FBD-46D6-A53D-42DBAAB8082A}.Debug|Any CPU.ActiveCfg = Debug|Any CPU
		{1A6E8CEC-7FBD-46D6-A53D-42DBAAB8082A}.Debug|Any CPU.Build.0 = Debug|Any CPU
		{1A6E8CEC-7FBD-46D6-A53D-42DBAAB8082A}.Release|Any CPU.ActiveCfg = Release|Any CPU
		{1A6E8CEC-7FBD-46D6-A53D-42DBAAB8082A}.Release|Any CPU.Build.0 = Release|Any CPU
		{F703EEB5-A59C-477B-87E6-2A16C384D018}.Debug|Any CPU.ActiveCfg = Debug|Any CPU
		{F703EEB5-A59C-477B-87E6-2A16C384D018}.Debug|Any CPU.Build.0 = Debug|Any CPU
		{F703EEB5-A59C-477B-87E6-2A16C384D018}.Release|Any CPU.ActiveCfg = Release|Any CPU
		{F703EEB5-A59C-477B-87E6-2A16C384D018}.Release|Any CPU.Build.0 = Release|Any CPU
		{CAE602D8-3BE1-400E-AAD5-3979D0F276EB}.Debug|Any CPU.ActiveCfg = Debug|Any CPU
		{CAE602D8-3BE1-400E-AAD5-3979D0F276EB}.Debug|Any CPU.Build.0 = Debug|Any CPU
		{CAE602D8-3BE1-400E-AAD5-3979D0F276EB}.Release|Any CPU.ActiveCfg = Release|Any CPU
		{CAE602D8-3BE1-400E-AAD5-3979D0F276EB}.Release|Any CPU.Build.0 = Release|Any CPU
		{79D729B1-34BC-4BC4-935D-C08B4B1A0BA7}.Debug|Any CPU.ActiveCfg = Debug|Any CPU
		{79D729B1-34BC-4BC4-935D-C08B4B1A0BA7}.Debug|Any CPU.Build.0 = Debug|Any CPU
		{79D729B1-34BC-4BC4-935D-C08B4B1A0BA7}.Release|Any CPU.ActiveCfg = Release|Any CPU
		{79D729B1-34BC-4BC4-935D-C08B4B1A0BA7}.Release|Any CPU.Build.0 = Release|Any CPU
		{EE96CDB7-F093-4DE9-BAEE-E69916645B24}.Debug|Any CPU.ActiveCfg = Debug|Any CPU
		{EE96CDB7-F093-4DE9-BAEE-E69916645B24}.Debug|Any CPU.Build.0 = Debug|Any CPU
		{EE96CDB7-F093-4DE9-BAEE-E69916645B24}.Release|Any CPU.ActiveCfg = Release|Any CPU
		{EE96CDB7-F093-4DE9-BAEE-E69916645B24}.Release|Any CPU.Build.0 = Release|Any CPU
		{91C8EF85-B08C-407B-8369-35220D857FD9}.Debug|Any CPU.ActiveCfg = Debug|Any CPU
		{91C8EF85-B08C-407B-8369-35220D857FD9}.Debug|Any CPU.Build.0 = Debug|Any CPU
		{91C8EF85-B08C-407B-8369-35220D857FD9}.Release|Any CPU.ActiveCfg = Release|Any CPU
		{91C8EF85-B08C-407B-8369-35220D857FD9}.Release|Any CPU.Build.0 = Release|Any CPU
		{6D7EC25A-125F-49E9-A96B-2DF0707CF24C}.Debug|Any CPU.ActiveCfg = Debug|Any CPU
		{6D7EC25A-125F-49E9-A96B-2DF0707CF24C}.Debug|Any CPU.Build.0 = Debug|Any CPU
		{6D7EC25A-125F-49E9-A96B-2DF0707CF24C}.Release|Any CPU.ActiveCfg = Release|Any CPU
		{6D7EC25A-125F-49E9-A96B-2DF0707CF24C}.Release|Any CPU.Build.0 = Release|Any CPU
		{861B98F0-6D36-487C-A6FE-72ACDCA5F48F}.Debug|Any CPU.ActiveCfg = Debug|Any CPU
		{861B98F0-6D36-487C-A6FE-72ACDCA5F48F}.Debug|Any CPU.Build.0 = Debug|Any CPU
		{861B98F0-6D36-487C-A6FE-72ACDCA5F48F}.Release|Any CPU.ActiveCfg = Release|Any CPU
		{861B98F0-6D36-487C-A6FE-72ACDCA5F48F}.Release|Any CPU.Build.0 = Release|Any CPU
		{40B9072D-D0E0-45DE-883E-E833F4C036D4}.Debug|Any CPU.ActiveCfg = Debug|Any CPU
		{40B9072D-D0E0-45DE-883E-E833F4C036D4}.Debug|Any CPU.Build.0 = Debug|Any CPU
		{40B9072D-D0E0-45DE-883E-E833F4C036D4}.Release|Any CPU.ActiveCfg = Release|Any CPU
		{40B9072D-D0E0-45DE-883E-E833F4C036D4}.Release|Any CPU.Build.0 = Release|Any CPU
	EndGlobalSection
EndGlobal
